
Microsoft Visual Studio Solution File, Format Version 11.00
# Visual Studio 2010
Project("{2150E333-8FDC-42A3-9474-1A3956D46DE8}") = "Plugins", "Plugins", "{4A28E103-DCE3-4FC4-A3CD-B39205908CA3}"
EndProject
Project("{FAE04EC0-301F-11D3-BF4B-00C04F79EFBC}") = "CherryTomato", "CherryTomato\CherryTomato.csproj", "{09F7AE14-58BB-4054-A6EC-2B8EB1FA773E}"
EndProject
Project("{FAE04EC0-301F-11D3-BF4B-00C04F79EFBC}") = "CherryTomato.Core", "CherryTomato.Core\CherryTomato.Core.csproj", "{AE941392-0563-417B-9726-94B25A2B5B55}"
EndProject
Project("{8BC9CEB8-8B4A-11D0-8D11-00A0C91BC942}") = "CherryFirewall", "CherryFirewall\CherryFirewall.vcxproj", "{B902DEF2-DD71-445F-AB88-AA82FB37CB4B}"
EndProject
Project("{FAE04EC0-301F-11D3-BF4B-00C04F79EFBC}") = "CherryFirewallTest", "CherryFirewallTest\CherryFirewallTest.csproj", "{A860E3CB-EA63-4974-8F17-A7BC4F5370A4}"
EndProject
Project("{FAE04EC0-301F-11D3-BF4B-00C04F79EFBC}") = "SimpleDashboard", "SimpleDashboard\SimpleDashboard.csproj", "{10019F6B-EF0D-40F2-A2C0-A25346B0BC48}"
EndProject
Project("{54435603-DBB4-11D2-8724-00A0C9A8B90C}") = "Setup", "Setup\Setup.vdproj", "{352FC439-276D-4F48-9826-D12000FE01F6}"
EndProject
Project("{FAE04EC0-301F-11D3-BF4B-00C04F79EFBC}") = "TestsCore", "TestsCore\TestsCore.csproj", "{32C94053-DEAB-4790-802D-2DE4A1CD0223}"
EndProject
Project("{FAE04EC0-301F-11D3-BF4B-00C04F79EFBC}") = "CherryTomato.Core.Tests", "CherryTomato.Core.Tests\CherryTomato.Core.Tests.csproj", "{3F8FBCA8-72D6-4B4C-B0FA-81F21B4812F5}"
EndProject
Project("{2150E333-8FDC-42A3-9474-1A3956D46DE8}") = "UnitTests", "UnitTests", "{EEAA2148-F8A5-47DC-B5C3-3F2AB93CC602}"
EndProject
Project("{FAE04EC0-301F-11D3-BF4B-00C04F79EFBC}") = "ActiveTaskSensor", "ActiveTaskSensor\ActiveTaskSensor.csproj", "{789BDC03-960A-4725-A6F4-F80450259CBF}"
EndProject
Project("{FAE04EC0-301F-11D3-BF4B-00C04F79EFBC}") = "UserActivitySensor", "UserActivitySensor\UserActivitySensor.csproj", "{AACBC7BE-EAE9-4548-984B-B2309B41214E}"
EndProject
Project("{FAE04EC0-301F-11D3-BF4B-00C04F79EFBC}") = "DebugHelper", "DebugHelper\DebugHelper.csproj", "{949C72DB-D745-48BF-B0F1-8006DFCD36A4}"
EndProject
Project("{FAE04EC0-301F-11D3-BF4B-00C04F79EFBC}") = "ActiveTaskSensor.Tests", "ActiveTaskSensor.Tests\ActiveTaskSensor.Tests.csproj", "{3C541E80-53B1-4E44-92C1-2E3794E99B7D}"
EndProject
Project("{FAE04EC0-301F-11D3-BF4B-00C04F79EFBC}") = "SystrayIcon", "SystrayIcon\SystrayIcon.csproj", "{55298E77-F06B-4901-9C36-0A57B6ECEC79}"
EndProject
Project("{FAE04EC0-301F-11D3-BF4B-00C04F79EFBC}") = "SystrayIcon.Tests", "SystrayIcon.Tests\SystrayIcon.Tests.csproj", "{38E8F305-DD59-40E0-9AD7-A993E5FE69FE}"
EndProject
Project("{FAE04EC0-301F-11D3-BF4B-00C04F79EFBC}") = "LiveMessengerController", "LiveMessengerController\LiveMessengerController.csproj", "{AEA61DB0-434B-43FF-9EB4-2BCFF38435B2}"
EndProject
Project("{FAE04EC0-301F-11D3-BF4B-00C04F79EFBC}") = "Reminders.Tests", "Reminders.Tests\Reminders.Tests.csproj", "{28302D14-0E3C-499B-ABF4-2687B434FE22}"
EndProject
Project("{FAE04EC0-301F-11D3-BF4B-00C04F79EFBC}") = "SkypeController", "SkypeController\SkypeController.csproj", "{7EACC29A-8FCD-4D0A-8C52-86988241F3F8}"
EndProject
Project("{FAE04EC0-301F-11D3-BF4B-00C04F79EFBC}") = "SkypeController.Tests", "SkypeController.Tests\SkypeController.Tests.csproj", "{1B2261B0-719B-40A1-96B6-95EBB31BCB8B}"
EndProject
Project("{FAE04EC0-301F-11D3-BF4B-00C04F79EFBC}") = "CherryTomato.Tests", "CherryTomato.Tests\CherryTomato.Tests.csproj", "{F07090AB-CB66-4A21-8327-BEB50A0979F0}"
EndProject
Project("{FAE04EC0-301F-11D3-BF4B-00C04F79EFBC}") = "UsbLamp", "UsbLamp\UsbLamp.csproj", "{8267FCFC-DC98-4F4D-BBEC-571CACFA57CE}"
EndProject
Project("{FAE04EC0-301F-11D3-BF4B-00C04F79EFBC}") = "UserActivitySensor.Tests", "UserActivitySensor.Tests\UserActivitySensor.Tests.csproj", "{559F50C5-2369-4583-8778-9266506044AD}"
EndProject
Project("{2150E333-8FDC-42A3-9474-1A3956D46DE8}") = "Solution Items", "Solution Items", "{9C846977-DEA6-4FB6-82A7-84159E48E684}"
	ProjectSection(SolutionItems) = preProject
		HOWTO.txt = HOWTO.txt
	EndProjectSection
EndProject
Project("{FAE04EC0-301F-11D3-BF4B-00C04F79EFBC}") = "Reminders", "Reminders\Reminders.csproj", "{DBA6D380-3F41-492E-A2FB-1095E47875A0}"
EndProject
Project("{FAE04EC0-301F-11D3-BF4B-00C04F79EFBC}") = "ProcessStopper", "ProcessStopperStarter\ProcessStopper.csproj", "{C4B156E8-65C0-4813-95E7-0215EB12B40F}"
EndProject
Project("{930C7802-8A8C-48F9-8165-68863BCCD9DD}") = "SetupWix", "SetupWix\SetupWix.wixproj", "{FA214B43-F966-4398-BD3E-E0D652DEB4C7}"
EndProject
Global
	GlobalSection(SolutionConfigurationPlatforms) = preSolution
		Debug|Any CPU = Debug|Any CPU
		Debug|Mixed Platforms = Debug|Mixed Platforms
		Debug|Win32 = Debug|Win32
		Debug|x86 = Debug|x86
		Release|Any CPU = Release|Any CPU
		Release|Mixed Platforms = Release|Mixed Platforms
		Release|Win32 = Release|Win32
		Release|x86 = Release|x86
	EndGlobalSection
	GlobalSection(ProjectConfigurationPlatforms) = postSolution
		{09F7AE14-58BB-4054-A6EC-2B8EB1FA773E}.Debug|Any CPU.ActiveCfg = Debug|Any CPU
		{09F7AE14-58BB-4054-A6EC-2B8EB1FA773E}.Debug|Any CPU.Build.0 = Debug|Any CPU
		{09F7AE14-58BB-4054-A6EC-2B8EB1FA773E}.Debug|Mixed Platforms.ActiveCfg = Debug|Any CPU
		{09F7AE14-58BB-4054-A6EC-2B8EB1FA773E}.Debug|Mixed Platforms.Build.0 = Debug|Any CPU
		{09F7AE14-58BB-4054-A6EC-2B8EB1FA773E}.Debug|Win32.ActiveCfg = Debug|Any CPU
		{09F7AE14-58BB-4054-A6EC-2B8EB1FA773E}.Debug|x86.ActiveCfg = Debug|Any CPU
		{09F7AE14-58BB-4054-A6EC-2B8EB1FA773E}.Release|Any CPU.ActiveCfg = Release|Any CPU
		{09F7AE14-58BB-4054-A6EC-2B8EB1FA773E}.Release|Any CPU.Build.0 = Release|Any CPU
		{09F7AE14-58BB-4054-A6EC-2B8EB1FA773E}.Release|Mixed Platforms.ActiveCfg = Release|Any CPU
		{09F7AE14-58BB-4054-A6EC-2B8EB1FA773E}.Release|Mixed Platforms.Build.0 = Release|Any CPU
		{09F7AE14-58BB-4054-A6EC-2B8EB1FA773E}.Release|Win32.ActiveCfg = Release|Any CPU
		{09F7AE14-58BB-4054-A6EC-2B8EB1FA773E}.Release|x86.ActiveCfg = Release|Any CPU
		{AE941392-0563-417B-9726-94B25A2B5B55}.Debug|Any CPU.ActiveCfg = Debug|Any CPU
		{AE941392-0563-417B-9726-94B25A2B5B55}.Debug|Any CPU.Build.0 = Debug|Any CPU
		{AE941392-0563-417B-9726-94B25A2B5B55}.Debug|Mixed Platforms.ActiveCfg = Debug|Any CPU
		{AE941392-0563-417B-9726-94B25A2B5B55}.Debug|Mixed Platforms.Build.0 = Debug|Any CPU
		{AE941392-0563-417B-9726-94B25A2B5B55}.Debug|Win32.ActiveCfg = Debug|Any CPU
		{AE941392-0563-417B-9726-94B25A2B5B55}.Debug|x86.ActiveCfg = Debug|Any CPU
		{AE941392-0563-417B-9726-94B25A2B5B55}.Release|Any CPU.ActiveCfg = Release|Any CPU
		{AE941392-0563-417B-9726-94B25A2B5B55}.Release|Any CPU.Build.0 = Release|Any CPU
		{AE941392-0563-417B-9726-94B25A2B5B55}.Release|Mixed Platforms.ActiveCfg = Release|Any CPU
		{AE941392-0563-417B-9726-94B25A2B5B55}.Release|Mixed Platforms.Build.0 = Release|Any CPU
		{AE941392-0563-417B-9726-94B25A2B5B55}.Release|Win32.ActiveCfg = Release|Any CPU
		{AE941392-0563-417B-9726-94B25A2B5B55}.Release|x86.ActiveCfg = Release|Any CPU
		{B902DEF2-DD71-445F-AB88-AA82FB37CB4B}.Debug|Any CPU.ActiveCfg = Debug|Win32
		{B902DEF2-DD71-445F-AB88-AA82FB37CB4B}.Debug|Mixed Platforms.ActiveCfg = Debug|Win32
		{B902DEF2-DD71-445F-AB88-AA82FB37CB4B}.Debug|Mixed Platforms.Build.0 = Debug|Win32
		{B902DEF2-DD71-445F-AB88-AA82FB37CB4B}.Debug|Win32.ActiveCfg = Debug|Win32
		{B902DEF2-DD71-445F-AB88-AA82FB37CB4B}.Debug|Win32.Build.0 = Debug|Win32
		{B902DEF2-DD71-445F-AB88-AA82FB37CB4B}.Debug|x86.ActiveCfg = Debug|Win32
		{B902DEF2-DD71-445F-AB88-AA82FB37CB4B}.Release|Any CPU.ActiveCfg = Release|Win32
		{B902DEF2-DD71-445F-AB88-AA82FB37CB4B}.Release|Mixed Platforms.ActiveCfg = Release|Win32
		{B902DEF2-DD71-445F-AB88-AA82FB37CB4B}.Release|Win32.ActiveCfg = Release|Win32
		{B902DEF2-DD71-445F-AB88-AA82FB37CB4B}.Release|Win32.Build.0 = Release|Win32
		{B902DEF2-DD71-445F-AB88-AA82FB37CB4B}.Release|x86.ActiveCfg = Release|Win32
		{A860E3CB-EA63-4974-8F17-A7BC4F5370A4}.Debug|Any CPU.ActiveCfg = Debug|Any CPU
		{A860E3CB-EA63-4974-8F17-A7BC4F5370A4}.Debug|Mixed Platforms.ActiveCfg = Debug|Any CPU
		{A860E3CB-EA63-4974-8F17-A7BC4F5370A4}.Debug|Win32.ActiveCfg = Debug|Any CPU
		{A860E3CB-EA63-4974-8F17-A7BC4F5370A4}.Debug|x86.ActiveCfg = Debug|Any CPU
		{A860E3CB-EA63-4974-8F17-A7BC4F5370A4}.Release|Any CPU.ActiveCfg = Release|Any CPU
		{A860E3CB-EA63-4974-8F17-A7BC4F5370A4}.Release|Mixed Platforms.ActiveCfg = Release|Any CPU
		{A860E3CB-EA63-4974-8F17-A7BC4F5370A4}.Release|Win32.ActiveCfg = Release|Any CPU
		{A860E3CB-EA63-4974-8F17-A7BC4F5370A4}.Release|x86.ActiveCfg = Release|Any CPU
		{10019F6B-EF0D-40F2-A2C0-A25346B0BC48}.Debug|Any CPU.ActiveCfg = Debug|Any CPU
		{10019F6B-EF0D-40F2-A2C0-A25346B0BC48}.Debug|Any CPU.Build.0 = Debug|Any CPU
		{10019F6B-EF0D-40F2-A2C0-A25346B0BC48}.Debug|Mixed Platforms.ActiveCfg = Debug|Any CPU
		{10019F6B-EF0D-40F2-A2C0-A25346B0BC48}.Debug|Mixed Platforms.Build.0 = Debug|Any CPU
		{10019F6B-EF0D-40F2-A2C0-A25346B0BC48}.Debug|Win32.ActiveCfg = Debug|Any CPU
		{10019F6B-EF0D-40F2-A2C0-A25346B0BC48}.Debug|x86.ActiveCfg = Debug|Any CPU
		{10019F6B-EF0D-40F2-A2C0-A25346B0BC48}.Release|Any CPU.ActiveCfg = Release|Any CPU
		{10019F6B-EF0D-40F2-A2C0-A25346B0BC48}.Release|Any CPU.Build.0 = Release|Any CPU
		{10019F6B-EF0D-40F2-A2C0-A25346B0BC48}.Release|Mixed Platforms.ActiveCfg = Release|Any CPU
		{10019F6B-EF0D-40F2-A2C0-A25346B0BC48}.Release|Mixed Platforms.Build.0 = Release|Any CPU
		{10019F6B-EF0D-40F2-A2C0-A25346B0BC48}.Release|Win32.ActiveCfg = Release|Any CPU
		{10019F6B-EF0D-40F2-A2C0-A25346B0BC48}.Release|x86.ActiveCfg = Release|Any CPU
		{352FC439-276D-4F48-9826-D12000FE01F6}.Debug|Any CPU.ActiveCfg = Debug
		{352FC439-276D-4F48-9826-D12000FE01F6}.Debug|Mixed Platforms.ActiveCfg = Debug
		{352FC439-276D-4F48-9826-D12000FE01F6}.Debug|Mixed Platforms.Build.0 = Debug
		{352FC439-276D-4F48-9826-D12000FE01F6}.Debug|Win32.ActiveCfg = Debug
		{352FC439-276D-4F48-9826-D12000FE01F6}.Debug|Win32.Build.0 = Debug
		{352FC439-276D-4F48-9826-D12000FE01F6}.Debug|x86.ActiveCfg = Debug
		{352FC439-276D-4F48-9826-D12000FE01F6}.Debug|x86.Build.0 = Debug
		{352FC439-276D-4F48-9826-D12000FE01F6}.Release|Any CPU.ActiveCfg = Release
		{352FC439-276D-4F48-9826-D12000FE01F6}.Release|Any CPU.Build.0 = Release
		{352FC439-276D-4F48-9826-D12000FE01F6}.Release|Mixed Platforms.ActiveCfg = Release
		{352FC439-276D-4F48-9826-D12000FE01F6}.Release|Mixed Platforms.Build.0 = Release
		{352FC439-276D-4F48-9826-D12000FE01F6}.Release|Win32.ActiveCfg = Release
		{352FC439-276D-4F48-9826-D12000FE01F6}.Release|Win32.Build.0 = Release
		{352FC439-276D-4F48-9826-D12000FE01F6}.Release|x86.ActiveCfg = Release
		{352FC439-276D-4F48-9826-D12000FE01F6}.Release|x86.Build.0 = Release
		{32C94053-DEAB-4790-802D-2DE4A1CD0223}.Debug|Any CPU.ActiveCfg = Debug|Any CPU
		{32C94053-DEAB-4790-802D-2DE4A1CD0223}.Debug|Any CPU.Build.0 = Debug|Any CPU
		{32C94053-DEAB-4790-802D-2DE4A1CD0223}.Debug|Mixed Platforms.ActiveCfg = Debug|Any CPU
		{32C94053-DEAB-4790-802D-2DE4A1CD0223}.Debug|Mixed Platforms.Build.0 = Debug|Any CPU
		{32C94053-DEAB-4790-802D-2DE4A1CD0223}.Debug|Win32.ActiveCfg = Debug|Any CPU
		{32C94053-DEAB-4790-802D-2DE4A1CD0223}.Debug|x86.ActiveCfg = Debug|Any CPU
		{32C94053-DEAB-4790-802D-2DE4A1CD0223}.Release|Any CPU.ActiveCfg = Release|Any CPU
		{32C94053-DEAB-4790-802D-2DE4A1CD0223}.Release|Any CPU.Build.0 = Release|Any CPU
		{32C94053-DEAB-4790-802D-2DE4A1CD0223}.Release|Mixed Platforms.ActiveCfg = Release|Any CPU
		{32C94053-DEAB-4790-802D-2DE4A1CD0223}.Release|Mixed Platforms.Build.0 = Release|Any CPU
		{32C94053-DEAB-4790-802D-2DE4A1CD0223}.Release|Win32.ActiveCfg = Release|Any CPU
		{32C94053-DEAB-4790-802D-2DE4A1CD0223}.Release|x86.ActiveCfg = Release|Any CPU
		{3F8FBCA8-72D6-4B4C-B0FA-81F21B4812F5}.Debug|Any CPU.ActiveCfg = Debug|Any CPU
		{3F8FBCA8-72D6-4B4C-B0FA-81F21B4812F5}.Debug|Any CPU.Build.0 = Debug|Any CPU
		{3F8FBCA8-72D6-4B4C-B0FA-81F21B4812F5}.Debug|Mixed Platforms.ActiveCfg = Debug|Any CPU
		{3F8FBCA8-72D6-4B4C-B0FA-81F21B4812F5}.Debug|Mixed Platforms.Build.0 = Debug|Any CPU
		{3F8FBCA8-72D6-4B4C-B0FA-81F21B4812F5}.Debug|Win32.ActiveCfg = Debug|Any CPU
		{3F8FBCA8-72D6-4B4C-B0FA-81F21B4812F5}.Debug|x86.ActiveCfg = Debug|Any CPU
		{3F8FBCA8-72D6-4B4C-B0FA-81F21B4812F5}.Release|Any CPU.ActiveCfg = Release|Any CPU
		{3F8FBCA8-72D6-4B4C-B0FA-81F21B4812F5}.Release|Any CPU.Build.0 = Release|Any CPU
		{3F8FBCA8-72D6-4B4C-B0FA-81F21B4812F5}.Release|Mixed Platforms.ActiveCfg = Release|Any CPU
		{3F8FBCA8-72D6-4B4C-B0FA-81F21B4812F5}.Release|Mixed Platforms.Build.0 = Release|Any CPU
		{3F8FBCA8-72D6-4B4C-B0FA-81F21B4812F5}.Release|Win32.ActiveCfg = Release|Any CPU
		{3F8FBCA8-72D6-4B4C-B0FA-81F21B4812F5}.Release|x86.ActiveCfg = Release|Any CPU
		{789BDC03-960A-4725-A6F4-F80450259CBF}.Debug|Any CPU.ActiveCfg = Debug|Any CPU
		{789BDC03-960A-4725-A6F4-F80450259CBF}.Debug|Any CPU.Build.0 = Debug|Any CPU
		{789BDC03-960A-4725-A6F4-F80450259CBF}.Debug|Mixed Platforms.ActiveCfg = Debug|Any CPU
		{789BDC03-960A-4725-A6F4-F80450259CBF}.Debug|Mixed Platforms.Build.0 = Debug|Any CPU
		{789BDC03-960A-4725-A6F4-F80450259CBF}.Debug|Win32.ActiveCfg = Debug|Any CPU
		{789BDC03-960A-4725-A6F4-F80450259CBF}.Debug|x86.ActiveCfg = Debug|Any CPU
		{789BDC03-960A-4725-A6F4-F80450259CBF}.Release|Any CPU.ActiveCfg = Release|Any CPU
		{789BDC03-960A-4725-A6F4-F80450259CBF}.Release|Any CPU.Build.0 = Release|Any CPU
		{789BDC03-960A-4725-A6F4-F80450259CBF}.Release|Mixed Platforms.ActiveCfg = Release|Any CPU
		{789BDC03-960A-4725-A6F4-F80450259CBF}.Release|Mixed Platforms.Build.0 = Release|Any CPU
		{789BDC03-960A-4725-A6F4-F80450259CBF}.Release|Win32.ActiveCfg = Release|Any CPU
		{789BDC03-960A-4725-A6F4-F80450259CBF}.Release|x86.ActiveCfg = Release|Any CPU
		{AACBC7BE-EAE9-4548-984B-B2309B41214E}.Debug|Any CPU.ActiveCfg = Debug|Any CPU
		{AACBC7BE-EAE9-4548-984B-B2309B41214E}.Debug|Any CPU.Build.0 = Debug|Any CPU
		{AACBC7BE-EAE9-4548-984B-B2309B41214E}.Debug|Mixed Platforms.ActiveCfg = Debug|Any CPU
		{AACBC7BE-EAE9-4548-984B-B2309B41214E}.Debug|Mixed Platforms.Build.0 = Debug|Any CPU
		{AACBC7BE-EAE9-4548-984B-B2309B41214E}.Debug|Win32.ActiveCfg = Debug|Any CPU
		{AACBC7BE-EAE9-4548-984B-B2309B41214E}.Debug|x86.ActiveCfg = Debug|Any CPU
		{AACBC7BE-EAE9-4548-984B-B2309B41214E}.Release|Any CPU.ActiveCfg = Release|Any CPU
		{AACBC7BE-EAE9-4548-984B-B2309B41214E}.Release|Any CPU.Build.0 = Release|Any CPU
		{AACBC7BE-EAE9-4548-984B-B2309B41214E}.Release|Mixed Platforms.ActiveCfg = Release|Any CPU
		{AACBC7BE-EAE9-4548-984B-B2309B41214E}.Release|Mixed Platforms.Build.0 = Release|Any CPU
		{AACBC7BE-EAE9-4548-984B-B2309B41214E}.Release|Win32.ActiveCfg = Release|Any CPU
		{AACBC7BE-EAE9-4548-984B-B2309B41214E}.Release|x86.ActiveCfg = Release|Any CPU
		{949C72DB-D745-48BF-B0F1-8006DFCD36A4}.Debug|Any CPU.ActiveCfg = Debug|Any CPU
		{949C72DB-D745-48BF-B0F1-8006DFCD36A4}.Debug|Any CPU.Build.0 = Debug|Any CPU
		{949C72DB-D745-48BF-B0F1-8006DFCD36A4}.Debug|Mixed Platforms.ActiveCfg = Debug|Any CPU
		{949C72DB-D745-48BF-B0F1-8006DFCD36A4}.Debug|Mixed Platforms.Build.0 = Debug|Any CPU
		{949C72DB-D745-48BF-B0F1-8006DFCD36A4}.Debug|Win32.ActiveCfg = Debug|Any CPU
		{949C72DB-D745-48BF-B0F1-8006DFCD36A4}.Debug|x86.ActiveCfg = Debug|Any CPU
		{949C72DB-D745-48BF-B0F1-8006DFCD36A4}.Release|Any CPU.ActiveCfg = Release|Any CPU
		{949C72DB-D745-48BF-B0F1-8006DFCD36A4}.Release|Any CPU.Build.0 = Release|Any CPU
		{949C72DB-D745-48BF-B0F1-8006DFCD36A4}.Release|Mixed Platforms.ActiveCfg = Release|Any CPU
		{949C72DB-D745-48BF-B0F1-8006DFCD36A4}.Release|Mixed Platforms.Build.0 = Release|Any CPU
		{949C72DB-D745-48BF-B0F1-8006DFCD36A4}.Release|Win32.ActiveCfg = Release|Any CPU
		{949C72DB-D745-48BF-B0F1-8006DFCD36A4}.Release|x86.ActiveCfg = Release|Any CPU
		{3C541E80-53B1-4E44-92C1-2E3794E99B7D}.Debug|Any CPU.ActiveCfg = Debug|Any CPU
		{3C541E80-53B1-4E44-92C1-2E3794E99B7D}.Debug|Any CPU.Build.0 = Debug|Any CPU
		{3C541E80-53B1-4E44-92C1-2E3794E99B7D}.Debug|Mixed Platforms.ActiveCfg = Debug|Any CPU
		{3C541E80-53B1-4E44-92C1-2E3794E99B7D}.Debug|Mixed Platforms.Build.0 = Debug|Any CPU
		{3C541E80-53B1-4E44-92C1-2E3794E99B7D}.Debug|Win32.ActiveCfg = Debug|Any CPU
		{3C541E80-53B1-4E44-92C1-2E3794E99B7D}.Debug|x86.ActiveCfg = Debug|Any CPU
		{3C541E80-53B1-4E44-92C1-2E3794E99B7D}.Release|Any CPU.ActiveCfg = Release|Any CPU
		{3C541E80-53B1-4E44-92C1-2E3794E99B7D}.Release|Any CPU.Build.0 = Release|Any CPU
		{3C541E80-53B1-4E44-92C1-2E3794E99B7D}.Release|Mixed Platforms.ActiveCfg = Release|Any CPU
		{3C541E80-53B1-4E44-92C1-2E3794E99B7D}.Release|Mixed Platforms.Build.0 = Release|Any CPU
		{3C541E80-53B1-4E44-92C1-2E3794E99B7D}.Release|Win32.ActiveCfg = Release|Any CPU
		{3C541E80-53B1-4E44-92C1-2E3794E99B7D}.Release|x86.ActiveCfg = Release|Any CPU
		{55298E77-F06B-4901-9C36-0A57B6ECEC79}.Debug|Any CPU.ActiveCfg = Debug|Any CPU
		{55298E77-F06B-4901-9C36-0A57B6ECEC79}.Debug|Any CPU.Build.0 = Debug|Any CPU
		{55298E77-F06B-4901-9C36-0A57B6ECEC79}.Debug|Mixed Platforms.ActiveCfg = Debug|Any CPU
		{55298E77-F06B-4901-9C36-0A57B6ECEC79}.Debug|Mixed Platforms.Build.0 = Debug|Any CPU
		{55298E77-F06B-4901-9C36-0A57B6ECEC79}.Debug|Win32.ActiveCfg = Debug|Any CPU
		{55298E77-F06B-4901-9C36-0A57B6ECEC79}.Debug|x86.ActiveCfg = Debug|Any CPU
		{55298E77-F06B-4901-9C36-0A57B6ECEC79}.Release|Any CPU.ActiveCfg = Release|Any CPU
		{55298E77-F06B-4901-9C36-0A57B6ECEC79}.Release|Any CPU.Build.0 = Release|Any CPU
		{55298E77-F06B-4901-9C36-0A57B6ECEC79}.Release|Mixed Platforms.ActiveCfg = Release|Any CPU
		{55298E77-F06B-4901-9C36-0A57B6ECEC79}.Release|Mixed Platforms.Build.0 = Release|Any CPU
		{55298E77-F06B-4901-9C36-0A57B6ECEC79}.Release|Win32.ActiveCfg = Release|Any CPU
		{55298E77-F06B-4901-9C36-0A57B6ECEC79}.Release|x86.ActiveCfg = Release|Any CPU
		{38E8F305-DD59-40E0-9AD7-A993E5FE69FE}.Debug|Any CPU.ActiveCfg = Debug|Any CPU
		{38E8F305-DD59-40E0-9AD7-A993E5FE69FE}.Debug|Any CPU.Build.0 = Debug|Any CPU
		{38E8F305-DD59-40E0-9AD7-A993E5FE69FE}.Debug|Mixed Platforms.ActiveCfg = Debug|Any CPU
		{38E8F305-DD59-40E0-9AD7-A993E5FE69FE}.Debug|Mixed Platforms.Build.0 = Debug|Any CPU
		{38E8F305-DD59-40E0-9AD7-A993E5FE69FE}.Debug|Win32.ActiveCfg = Debug|Any CPU
		{38E8F305-DD59-40E0-9AD7-A993E5FE69FE}.Debug|x86.ActiveCfg = Debug|Any CPU
		{38E8F305-DD59-40E0-9AD7-A993E5FE69FE}.Release|Any CPU.ActiveCfg = Release|Any CPU
		{38E8F305-DD59-40E0-9AD7-A993E5FE69FE}.Release|Any CPU.Build.0 = Release|Any CPU
		{38E8F305-DD59-40E0-9AD7-A993E5FE69FE}.Release|Mixed Platforms.ActiveCfg = Release|Any CPU
		{38E8F305-DD59-40E0-9AD7-A993E5FE69FE}.Release|Mixed Platforms.Build.0 = Release|Any CPU
		{38E8F305-DD59-40E0-9AD7-A993E5FE69FE}.Release|Win32.ActiveCfg = Release|Any CPU
		{38E8F305-DD59-40E0-9AD7-A993E5FE69FE}.Release|x86.ActiveCfg = Release|Any CPU
		{AEA61DB0-434B-43FF-9EB4-2BCFF38435B2}.Debug|Any CPU.ActiveCfg = Debug|Any CPU
		{AEA61DB0-434B-43FF-9EB4-2BCFF38435B2}.Debug|Any CPU.Build.0 = Debug|Any CPU
		{AEA61DB0-434B-43FF-9EB4-2BCFF38435B2}.Debug|Mixed Platforms.ActiveCfg = Debug|Any CPU
		{AEA61DB0-434B-43FF-9EB4-2BCFF38435B2}.Debug|Mixed Platforms.Build.0 = Debug|Any CPU
		{AEA61DB0-434B-43FF-9EB4-2BCFF38435B2}.Debug|Win32.ActiveCfg = Debug|Any CPU
		{AEA61DB0-434B-43FF-9EB4-2BCFF38435B2}.Debug|x86.ActiveCfg = Debug|Any CPU
		{AEA61DB0-434B-43FF-9EB4-2BCFF38435B2}.Release|Any CPU.ActiveCfg = Release|Any CPU
		{AEA61DB0-434B-43FF-9EB4-2BCFF38435B2}.Release|Any CPU.Build.0 = Release|Any CPU
		{AEA61DB0-434B-43FF-9EB4-2BCFF38435B2}.Release|Mixed Platforms.ActiveCfg = Release|Any CPU
		{AEA61DB0-434B-43FF-9EB4-2BCFF38435B2}.Release|Mixed Platforms.Build.0 = Release|Any CPU
		{AEA61DB0-434B-43FF-9EB4-2BCFF38435B2}.Release|Win32.ActiveCfg = Release|Any CPU
		{AEA61DB0-434B-43FF-9EB4-2BCFF38435B2}.Release|x86.ActiveCfg = Release|Any CPU
		{28302D14-0E3C-499B-ABF4-2687B434FE22}.Debug|Any CPU.ActiveCfg = Debug|Any CPU
		{28302D14-0E3C-499B-ABF4-2687B434FE22}.Debug|Any CPU.Build.0 = Debug|Any CPU
		{28302D14-0E3C-499B-ABF4-2687B434FE22}.Debug|Mixed Platforms.ActiveCfg = Debug|Any CPU
		{28302D14-0E3C-499B-ABF4-2687B434FE22}.Debug|Mixed Platforms.Build.0 = Debug|Any CPU
		{28302D14-0E3C-499B-ABF4-2687B434FE22}.Debug|Win32.ActiveCfg = Debug|Any CPU
		{28302D14-0E3C-499B-ABF4-2687B434FE22}.Debug|x86.ActiveCfg = Debug|Any CPU
		{28302D14-0E3C-499B-ABF4-2687B434FE22}.Release|Any CPU.ActiveCfg = Release|Any CPU
		{28302D14-0E3C-499B-ABF4-2687B434FE22}.Release|Any CPU.Build.0 = Release|Any CPU
		{28302D14-0E3C-499B-ABF4-2687B434FE22}.Release|Mixed Platforms.ActiveCfg = Release|Any CPU
		{28302D14-0E3C-499B-ABF4-2687B434FE22}.Release|Mixed Platforms.Build.0 = Release|Any CPU
		{28302D14-0E3C-499B-ABF4-2687B434FE22}.Release|Win32.ActiveCfg = Release|Any CPU
		{28302D14-0E3C-499B-ABF4-2687B434FE22}.Release|x86.ActiveCfg = Release|Any CPU
		{7EACC29A-8FCD-4D0A-8C52-86988241F3F8}.Debug|Any CPU.ActiveCfg = Debug|Any CPU
		{7EACC29A-8FCD-4D0A-8C52-86988241F3F8}.Debug|Any CPU.Build.0 = Debug|Any CPU
		{7EACC29A-8FCD-4D0A-8C52-86988241F3F8}.Debug|Mixed Platforms.ActiveCfg = Debug|Any CPU
		{7EACC29A-8FCD-4D0A-8C52-86988241F3F8}.Debug|Mixed Platforms.Build.0 = Debug|Any CPU
		{7EACC29A-8FCD-4D0A-8C52-86988241F3F8}.Debug|Win32.ActiveCfg = Debug|Any CPU
		{7EACC29A-8FCD-4D0A-8C52-86988241F3F8}.Debug|x86.ActiveCfg = Debug|Any CPU
		{7EACC29A-8FCD-4D0A-8C52-86988241F3F8}.Release|Any CPU.ActiveCfg = Release|Any CPU
		{7EACC29A-8FCD-4D0A-8C52-86988241F3F8}.Release|Any CPU.Build.0 = Release|Any CPU
		{7EACC29A-8FCD-4D0A-8C52-86988241F3F8}.Release|Mixed Platforms.ActiveCfg = Release|Any CPU
		{7EACC29A-8FCD-4D0A-8C52-86988241F3F8}.Release|Mixed Platforms.Build.0 = Release|Any CPU
		{7EACC29A-8FCD-4D0A-8C52-86988241F3F8}.Release|Win32.ActiveCfg = Release|Any CPU
		{7EACC29A-8FCD-4D0A-8C52-86988241F3F8}.Release|x86.ActiveCfg = Release|Any CPU
		{1B2261B0-719B-40A1-96B6-95EBB31BCB8B}.Debug|Any CPU.ActiveCfg = Debug|Any CPU
		{1B2261B0-719B-40A1-96B6-95EBB31BCB8B}.Debug|Any CPU.Build.0 = Debug|Any CPU
		{1B2261B0-719B-40A1-96B6-95EBB31BCB8B}.Debug|Mixed Platforms.ActiveCfg = Debug|Any CPU
		{1B2261B0-719B-40A1-96B6-95EBB31BCB8B}.Debug|Mixed Platforms.Build.0 = Debug|Any CPU
		{1B2261B0-719B-40A1-96B6-95EBB31BCB8B}.Debug|Win32.ActiveCfg = Debug|Any CPU
		{1B2261B0-719B-40A1-96B6-95EBB31BCB8B}.Debug|x86.ActiveCfg = Debug|Any CPU
		{1B2261B0-719B-40A1-96B6-95EBB31BCB8B}.Release|Any CPU.ActiveCfg = Release|Any CPU
		{1B2261B0-719B-40A1-96B6-95EBB31BCB8B}.Release|Any CPU.Build.0 = Release|Any CPU
		{1B2261B0-719B-40A1-96B6-95EBB31BCB8B}.Release|Mixed Platforms.ActiveCfg = Release|Any CPU
		{1B2261B0-719B-40A1-96B6-95EBB31BCB8B}.Release|Mixed Platforms.Build.0 = Release|Any CPU
		{1B2261B0-719B-40A1-96B6-95EBB31BCB8B}.Release|Win32.ActiveCfg = Release|Any CPU
		{1B2261B0-719B-40A1-96B6-95EBB31BCB8B}.Release|x86.ActiveCfg = Release|Any CPU
		{F07090AB-CB66-4A21-8327-BEB50A0979F0}.Debug|Any CPU.ActiveCfg = Debug|Any CPU
		{F07090AB-CB66-4A21-8327-BEB50A0979F0}.Debug|Any CPU.Build.0 = Debug|Any CPU
		{F07090AB-CB66-4A21-8327-BEB50A0979F0}.Debug|Mixed Platforms.ActiveCfg = Debug|Any CPU
		{F07090AB-CB66-4A21-8327-BEB50A0979F0}.Debug|Mixed Platforms.Build.0 = Debug|Any CPU
		{F07090AB-CB66-4A21-8327-BEB50A0979F0}.Debug|Win32.ActiveCfg = Debug|Any CPU
		{F07090AB-CB66-4A21-8327-BEB50A0979F0}.Debug|x86.ActiveCfg = Debug|Any CPU
		{F07090AB-CB66-4A21-8327-BEB50A0979F0}.Release|Any CPU.ActiveCfg = Release|Any CPU
		{F07090AB-CB66-4A21-8327-BEB50A0979F0}.Release|Any CPU.Build.0 = Release|Any CPU
		{F07090AB-CB66-4A21-8327-BEB50A0979F0}.Release|Mixed Platforms.ActiveCfg = Release|Any CPU
		{F07090AB-CB66-4A21-8327-BEB50A0979F0}.Release|Mixed Platforms.Build.0 = Release|Any CPU
		{F07090AB-CB66-4A21-8327-BEB50A0979F0}.Release|Win32.ActiveCfg = Release|Any CPU
		{F07090AB-CB66-4A21-8327-BEB50A0979F0}.Release|x86.ActiveCfg = Release|Any CPU
		{8267FCFC-DC98-4F4D-BBEC-571CACFA57CE}.Debug|Any CPU.ActiveCfg = Debug|Any CPU
		{8267FCFC-DC98-4F4D-BBEC-571CACFA57CE}.Debug|Any CPU.Build.0 = Debug|Any CPU
		{8267FCFC-DC98-4F4D-BBEC-571CACFA57CE}.Debug|Mixed Platforms.ActiveCfg = Debug|Any CPU
		{8267FCFC-DC98-4F4D-BBEC-571CACFA57CE}.Debug|Mixed Platforms.Build.0 = Debug|Any CPU
		{8267FCFC-DC98-4F4D-BBEC-571CACFA57CE}.Debug|Win32.ActiveCfg = Debug|Any CPU
		{8267FCFC-DC98-4F4D-BBEC-571CACFA57CE}.Debug|x86.ActiveCfg = Debug|Any CPU
		{8267FCFC-DC98-4F4D-BBEC-571CACFA57CE}.Release|Any CPU.ActiveCfg = Release|Any CPU
		{8267FCFC-DC98-4F4D-BBEC-571CACFA57CE}.Release|Any CPU.Build.0 = Release|Any CPU
		{8267FCFC-DC98-4F4D-BBEC-571CACFA57CE}.Release|Mixed Platforms.ActiveCfg = Release|Any CPU
		{8267FCFC-DC98-4F4D-BBEC-571CACFA57CE}.Release|Mixed Platforms.Build.0 = Release|Any CPU
		{8267FCFC-DC98-4F4D-BBEC-571CACFA57CE}.Release|Win32.ActiveCfg = Release|Any CPU
		{8267FCFC-DC98-4F4D-BBEC-571CACFA57CE}.Release|x86.ActiveCfg = Release|Any CPU
		{559F50C5-2369-4583-8778-9266506044AD}.Debug|Any CPU.ActiveCfg = Debug|Any CPU
		{559F50C5-2369-4583-8778-9266506044AD}.Debug|Any CPU.Build.0 = Debug|Any CPU
		{559F50C5-2369-4583-8778-9266506044AD}.Debug|Mixed Platforms.ActiveCfg = Debug|Any CPU
		{559F50C5-2369-4583-8778-9266506044AD}.Debug|Mixed Platforms.Build.0 = Debug|Any CPU
		{559F50C5-2369-4583-8778-9266506044AD}.Debug|Win32.ActiveCfg = Debug|Any CPU
		{559F50C5-2369-4583-8778-9266506044AD}.Debug|x86.ActiveCfg = Debug|Any CPU
		{559F50C5-2369-4583-8778-9266506044AD}.Release|Any CPU.ActiveCfg = Release|Any CPU
		{559F50C5-2369-4583-8778-9266506044AD}.Release|Any CPU.Build.0 = Release|Any CPU
		{559F50C5-2369-4583-8778-9266506044AD}.Release|Mixed Platforms.ActiveCfg = Release|Any CPU
		{559F50C5-2369-4583-8778-9266506044AD}.Release|Mixed Platforms.Build.0 = Release|Any CPU
		{559F50C5-2369-4583-8778-9266506044AD}.Release|Win32.ActiveCfg = Release|Any CPU
		{559F50C5-2369-4583-8778-9266506044AD}.Release|x86.ActiveCfg = Release|Any CPU
		{DBA6D380-3F41-492E-A2FB-1095E47875A0}.Debug|Any CPU.ActiveCfg = Debug|Any CPU
		{DBA6D380-3F41-492E-A2FB-1095E47875A0}.Debug|Any CPU.Build.0 = Debug|Any CPU
		{DBA6D380-3F41-492E-A2FB-1095E47875A0}.Debug|Mixed Platforms.ActiveCfg = Debug|Any CPU
		{DBA6D380-3F41-492E-A2FB-1095E47875A0}.Debug|Mixed Platforms.Build.0 = Debug|Any CPU
		{DBA6D380-3F41-492E-A2FB-1095E47875A0}.Debug|Win32.ActiveCfg = Debug|Any CPU
		{DBA6D380-3F41-492E-A2FB-1095E47875A0}.Debug|x86.ActiveCfg = Debug|Any CPU
		{DBA6D380-3F41-492E-A2FB-1095E47875A0}.Release|Any CPU.ActiveCfg = Release|Any CPU
		{DBA6D380-3F41-492E-A2FB-1095E47875A0}.Release|Any CPU.Build.0 = Release|Any CPU
		{DBA6D380-3F41-492E-A2FB-1095E47875A0}.Release|Mixed Platforms.ActiveCfg = Release|Any CPU
		{DBA6D380-3F41-492E-A2FB-1095E47875A0}.Release|Mixed Platforms.Build.0 = Release|Any CPU
		{DBA6D380-3F41-492E-A2FB-1095E47875A0}.Release|Win32.ActiveCfg = Release|Any CPU
		{DBA6D380-3F41-492E-A2FB-1095E47875A0}.Release|x86.ActiveCfg = Release|Any CPU
		{C4B156E8-65C0-4813-95E7-0215EB12B40F}.Debug|Any CPU.ActiveCfg = Debug|Any CPU
		{C4B156E8-65C0-4813-95E7-0215EB12B40F}.Debug|Any CPU.Build.0 = Debug|Any CPU
		{C4B156E8-65C0-4813-95E7-0215EB12B40F}.Debug|Mixed Platforms.ActiveCfg = Debug|Any CPU
		{C4B156E8-65C0-4813-95E7-0215EB12B40F}.Debug|Mixed Platforms.Build.0 = Debug|Any CPU
		{C4B156E8-65C0-4813-95E7-0215EB12B40F}.Debug|Win32.ActiveCfg = Debug|Any CPU
		{C4B156E8-65C0-4813-95E7-0215EB12B40F}.Debug|x86.ActiveCfg = Debug|Any CPU
		{C4B156E8-65C0-4813-95E7-0215EB12B40F}.Release|Any CPU.ActiveCfg = Release|Any CPU
		{C4B156E8-65C0-4813-95E7-0215EB12B40F}.Release|Any CPU.Build.0 = Release|Any CPU
		{C4B156E8-65C0-4813-95E7-0215EB12B40F}.Release|Mixed Platforms.ActiveCfg = Release|Any CPU
		{C4B156E8-65C0-4813-95E7-0215EB12B40F}.Release|Mixed Platforms.Build.0 = Release|Any CPU
		{C4B156E8-65C0-4813-95E7-0215EB12B40F}.Release|Win32.ActiveCfg = Release|Any CPU
		{C4B156E8-65C0-4813-95E7-0215EB12B40F}.Release|x86.ActiveCfg = Release|Any CPU
		{FA214B43-F966-4398-BD3E-E0D652DEB4C7}.Debug|Any CPU.ActiveCfg = Debug|x86
		{FA214B43-F966-4398-BD3E-E0D652DEB4C7}.Debug|Mixed Platforms.ActiveCfg = Debug|x86
		{FA214B43-F966-4398-BD3E-E0D652DEB4C7}.Debug|Win32.ActiveCfg = Debug|x86
		{FA214B43-F966-4398-BD3E-E0D652DEB4C7}.Debug|x86.ActiveCfg = Debug|x86
		{FA214B43-F966-4398-BD3E-E0D652DEB4C7}.Debug|x86.Build.0 = Debug|x86
		{FA214B43-F966-4398-BD3E-E0D652DEB4C7}.Release|Any CPU.ActiveCfg = Release|x86
		{FA214B43-F966-4398-BD3E-E0D652DEB4C7}.Release|Mixed Platforms.ActiveCfg = Release|x86
		{FA214B43-F966-4398-BD3E-E0D652DEB4C7}.Release|Win32.ActiveCfg = Release|x86
		{FA214B43-F966-4398-BD3E-E0D652DEB4C7}.Release|x86.ActiveCfg = Release|x86
		{FA214B43-F966-4398-BD3E-E0D652DEB4C7}.Release|x86.Build.0 = Release|x86
	EndGlobalSection
	GlobalSection(SolutionProperties) = preSolution
		HideSolutionNode = FALSE
	EndGlobalSection
	GlobalSection(NestedProjects) = preSolution
		{B902DEF2-DD71-445F-AB88-AA82FB37CB4B} = {4A28E103-DCE3-4FC4-A3CD-B39205908CA3}
		{A860E3CB-EA63-4974-8F17-A7BC4F5370A4} = {4A28E103-DCE3-4FC4-A3CD-B39205908CA3}
		{10019F6B-EF0D-40F2-A2C0-A25346B0BC48} = {4A28E103-DCE3-4FC4-A3CD-B39205908CA3}
		{789BDC03-960A-4725-A6F4-F80450259CBF} = {4A28E103-DCE3-4FC4-A3CD-B39205908CA3}
		{AACBC7BE-EAE9-4548-984B-B2309B41214E} = {4A28E103-DCE3-4FC4-A3CD-B39205908CA3}
		{949C72DB-D745-48BF-B0F1-8006DFCD36A4} = {4A28E103-DCE3-4FC4-A3CD-B39205908CA3}
		{55298E77-F06B-4901-9C36-0A57B6ECEC79} = {4A28E103-DCE3-4FC4-A3CD-B39205908CA3}
		{AEA61DB0-434B-43FF-9EB4-2BCFF38435B2} = {4A28E103-DCE3-4FC4-A3CD-B39205908CA3}
		{7EACC29A-8FCD-4D0A-8C52-86988241F3F8} = {4A28E103-DCE3-4FC4-A3CD-B39205908CA3}
		{8267FCFC-DC98-4F4D-BBEC-571CACFA57CE} = {4A28E103-DCE3-4FC4-A3CD-B39205908CA3}
		{DBA6D380-3F41-492E-A2FB-1095E47875A0} = {4A28E103-DCE3-4FC4-A3CD-B39205908CA3}
		{C4B156E8-65C0-4813-95E7-0215EB12B40F} = {4A28E103-DCE3-4FC4-A3CD-B39205908CA3}
		{3F8FBCA8-72D6-4B4C-B0FA-81F21B4812F5} = {EEAA2148-F8A5-47DC-B5C3-3F2AB93CC602}
		{32C94053-DEAB-4790-802D-2DE4A1CD0223} = {EEAA2148-F8A5-47DC-B5C3-3F2AB93CC602}
		{3C541E80-53B1-4E44-92C1-2E3794E99B7D} = {EEAA2148-F8A5-47DC-B5C3-3F2AB93CC602}
		{38E8F305-DD59-40E0-9AD7-A993E5FE69FE} = {EEAA2148-F8A5-47DC-B5C3-3F2AB93CC602}
		{28302D14-0E3C-499B-ABF4-2687B434FE22} = {EEAA2148-F8A5-47DC-B5C3-3F2AB93CC602}
		{1B2261B0-719B-40A1-96B6-95EBB31BCB8B} = {EEAA2148-F8A5-47DC-B5C3-3F2AB93CC602}
		{F07090AB-CB66-4A21-8327-BEB50A0979F0} = {EEAA2148-F8A5-47DC-B5C3-3F2AB93CC602}
		{559F50C5-2369-4583-8778-9266506044AD} = {EEAA2148-F8A5-47DC-B5C3-3F2AB93CC602}
	EndGlobalSection
EndGlobal
